// !$*UTF8*$!
{
	archiveVersion = 1;
	classes = {
	};
	objectVersion = 50;
	objects = {

/* Begin PBXBuildFile section */
		3014A6CA2110969F009B4BE4 /* AppDelegate.swift in Sources */ = {isa = PBXBuildFile; fileRef = 3014A6C92110969F009B4BE4 /* AppDelegate.swift */; };
		3014A6CC2110969F009B4BE4 /* ViewController.swift in Sources */ = {isa = PBXBuildFile; fileRef = 3014A6CB2110969F009B4BE4 /* ViewController.swift */; };
		3014A6CF2110969F009B4BE4 /* Main.storyboard in Resources */ = {isa = PBXBuildFile; fileRef = 3014A6CD2110969F009B4BE4 /* Main.storyboard */; };
		3014A6D1211096A0009B4BE4 /* Assets.xcassets in Resources */ = {isa = PBXBuildFile; fileRef = 3014A6D0211096A0009B4BE4 /* Assets.xcassets */; };
		3014A6D4211096A0009B4BE4 /* LaunchScreen.storyboard in Resources */ = {isa = PBXBuildFile; fileRef = 3014A6D2211096A0009B4BE4 /* LaunchScreen.storyboard */; };
		3014A6DC21109E94009B4BE4 /* BirdDogCat.mlmodel in Sources */ = {isa = PBXBuildFile; fileRef = 3014A6DB21109E94009B4BE4 /* BirdDogCat.mlmodel */; };
		3014A6E02110B096009B4BE4 /* Inceptionv3.mlmodel in Sources */ = {isa = PBXBuildFile; fileRef = 3014A6DF2110B096009B4BE4 /* Inceptionv3.mlmodel */; };
/* End PBXBuildFile section */

/* Begin PBXFileReference section */
		3014A6C62110969F009B4BE4 /* CoreMLApp.app */ = {isa = PBXFileReference; explicitFileType = wrapper.application; includeInIndex = 0; path = CoreMLApp.app; sourceTree = BUILT_PRODUCTS_DIR; };
		3014A6C92110969F009B4BE4 /* AppDelegate.swift */ = {isa = PBXFileReference; lastKnownFileType = sourcecode.swift; path = AppDelegate.swift; sourceTree = "<group>"; };
		3014A6CB2110969F009B4BE4 /* ViewController.swift */ = {isa = PBXFileReference; lastKnownFileType = sourcecode.swift; path = ViewController.swift; sourceTree = "<group>"; };
		3014A6CE2110969F009B4BE4 /* Base */ = {isa = PBXFileReference; lastKnownFileType = file.storyboard; name = Base; path = Base.lproj/Main.storyboard; sourceTree = "<group>"; };
		3014A6D0211096A0009B4BE4 /* Assets.xcassets */ = {isa = PBXFileReference; lastKnownFileType = folder.assetcatalog; path = Assets.xcassets; sourceTree = "<group>"; };
		3014A6D3211096A0009B4BE4 /* Base */ = {isa = PBXFileReference; lastKnownFileType = file.storyboard; name = Base; path = Base.lproj/LaunchScreen.storyboard; sourceTree = "<group>"; };
		3014A6D5211096A0009B4BE4 /* Info.plist */ = {isa = PBXFileReference; lastKnownFileType = text.plist.xml; path = Info.plist; sourceTree = "<group>"; };
		3014A6DB21109E94009B4BE4 /* BirdDogCat.mlmodel */ = {isa = PBXFileReference; lastKnownFileType = file.mlmodel; path = BirdDogCat.mlmodel; sourceTree = "<group>"; };
		3014A6DF2110B096009B4BE4 /* Inceptionv3.mlmodel */ = {isa = PBXFileReference; lastKnownFileType = file.mlmodel; path = Inceptionv3.mlmodel; sourceTree = "<group>"; };
/* End PBXFileReference section */

/* Begin PBXFrameworksBuildPhase section */
		3014A6C32110969F009B4BE4 /* Frameworks */ = {
			isa = PBXFrameworksBuildPhase;
			buildActionMask = 2147483647;
			files = (
			);
			runOnlyForDeploymentPostprocessing = 0;
		};
/* End PBXFrameworksBuildPhase section */

/* Begin PBXGroup section */
		3014A6BD2110969F009B4BE4 = {
			isa = PBXGroup;
			children = (
				3014A6DB21109E94009B4BE4 /* BirdDogCat.mlmodel */,
				3014A6DF2110B096009B4BE4 /* Inceptionv3.mlmodel */,
				3014A6C82110969F009B4BE4 /* CoreMLApp */,
				3014A6C72110969F009B4BE4 /* Products */,
			);
			sourceTree = "<group>";
		};
		3014A6C72110969F009B4BE4 /* Products */ = {
			isa = PBXGroup;
			children = (
				3014A6C62110969F009B4BE4 /* CoreMLApp.app */,
			);
			name = Products;
			sourceTree = "<group>";
		};
		3014A6C82110969F009B4BE4 /* CoreMLApp */ = {
			isa = PBXGroup;
			children = (
				3014A6C92110969F009B4BE4 /* AppDelegate.swift */,
				3014A6CB2110969F009B4BE4 /* ViewController.swift */,
				3014A6CD2110969F009B4BE4 /* Main.storyboard */,
				3014A6D0211096A0009B4BE4 /* Assets.xcassets */,
				3014A6D2211096A0009B4BE4 /* LaunchScreen.storyboard */,
				3014A6D5211096A0009B4BE4 /* Info.plist */,
			);
			path = CoreMLApp;
			sourceTree = "<group>";
		};
/* End PBXGroup section */

/* Begin PBXNativeTarget section */
		3014A6C52110969F009B4BE4 /* CoreMLApp */ = {
			isa = PBXNativeTarget;
			buildConfigurationList = 3014A6D8211096A0009B4BE4 /* Build configuration list for PBXNativeTarget "CoreMLApp" */;
			buildPhases = (
				3014A6C22110969F009B4BE4 /* Sources */,
				3014A6C32110969F009B4BE4 /* Frameworks */,
				3014A6C42110969F009B4BE4 /* Resources */,
			);
			buildRules = (
			);
			dependencies = (
			);
			name = CoreMLApp;
			productName = CoreMLApp;
			productReference = 3014A6C62110969F009B4BE4 /* CoreMLApp.app */;
			productType = "com.apple.product-type.application";
		};
/* End PBXNativeTarget section */

/* Begin PBXProject section */
		3014A6BE2110969F009B4BE4 /* Project object */ = {
			isa = PBXProject;
			attributes = {
				LastSwiftUpdateCheck = 1000;
				LastUpgradeCheck = 1000;
				ORGANIZATIONNAME = Roman;
				TargetAttributes = {
					3014A6C52110969F009B4BE4 = {
						CreatedOnToolsVersion = 10.0;
					};
				};
			};
			buildConfigurationList = 3014A6C12110969F009B4BE4 /* Build configuration list for PBXProject "CoreMLApp" */;
			compatibilityVersion = "Xcode 9.3";
			developmentRegion = en;
			hasScannedForEncodings = 0;
			knownRegions = (
				en,
				Base,
			);
			mainGroup = 3014A6BD2110969F009B4BE4;
			productRefGroup = 3014A6C72110969F009B4BE4 /* Products */;
			projectDirPath = "";
			projectRoot = "";
			targets = (
				3014A6C52110969F009B4BE4 /* CoreMLApp */,
			);
		};
/* End PBXProject section */

/* Begin PBXResourcesBuildPhase section */
		3014A6C42110969F009B4BE4 /* Resources */ = {
			isa = PBXResourcesBuildPhase;
			buildActionMask = 2147483647;
			files = (
				3014A6D4211096A0009B4BE4 /* LaunchScreen.storyboard in Resources */,
				3014A6D1211096A0009B4BE4 /* Assets.xcassets in Resources */,
				3014A6CF2110969F009B4BE4 /* Main.storyboard in Resources */,
			);
			runOnlyForDeploymentPostprocessing = 0;
		};
/* End PBXResourcesBuildPhase section */

/* Begin PBXSourcesBuildPhase section */
		3014A6C22110969F009B4BE4 /* Sources */ = {
			isa = PBXSourcesBuildPhase;
			buildActionMask = 2147483647;
			files = (
				3014A6CC2110969F009B4BE4 /* ViewController.swift in Sources */,
				3014A6E02110B096009B4BE4 /* Inceptionv3.mlmodel in Sources */,
				3014A6DC21109E94009B4BE4 /* BirdDogCat.mlmodel in Sources */,
				3014A6CA2110969F009B4BE4 /* AppDelegate.swift in Sources */,
			);
			runOnlyForDeploymentPostprocessing = 0;
		};
/* End PBXSourcesBuildPhase section */

/* Begin PBXVariantGroup section */
		3014A6CD2110969F009B4BE4 /* Main.storyboard */ = {
			isa = PBXVariantGroup;
			children = (
				3014A6CE2110969F009B4BE4 /* Base */,
			);
			name = Main.storyboard;
			sourceTree = "<group>";
		};
		3014A6D2211096A0009B4BE4 /* LaunchScreen.storyboard */ = {
			isa = PBXVariantGroup;
			children = (
				3014A6D3211096A0009B4BE4 /* Base */,
			);
			name = LaunchScreen.storyboard;
			sourceTree = "<group>";
		};
/* End PBXVariantGroup section */

/* Begin XCBuildConfiguration section */
		3014A6D6211096A0009B4BE4 /* Debug */ = {
			isa = XCBuildConfiguration;
			buildSettings = {
				ALWAYS_SEARCH_USER_PATHS = NO;
				CLANG_ANALYZER_NONNULL = YES;
				CLANG_ANALYZER_NUMBER_OBJECT_CONVERSION = YES_AGGRESSIVE;
				CLANG_CXX_LANGUAGE_STANDARD = "gnu++14";
				CLANG_CXX_LIBRARY = "libc++";
				CLANG_ENABLE_MODULES = YES;
				CLANG_ENABLE_OBJC_ARC = YES;
				CLANG_ENABLE_OBJC_WEAK = YES;
				CLANG_WARN_BLOCK_CAPTURE_AUTORELEASING = YES;
				CLANG_WARN_BOOL_CONVERSION = YES;
				CLANG_WARN_COMMA = YES;
				CLANG_WARN_CONSTANT_CONVERSION = YES;
				CLANG_WARN_DEPRECATED_OBJC_IMPLEMENTATIONS = YES;
				CLANG_WARN_DIRECT_OBJC_ISA_USAGE = YES_ERROR;
				CLANG_WARN_DOCUMENTATION_COMMENTS = YES;
				CLANG_WARN_EMPTY_BODY = YES;
				CLANG_WARN_ENUM_CONVERSION = YES;
				CLANG_WARN_INFINITE_RECURSION = YES;
				CLANG_WARN_INT_CONVERSION = YES;
				CLANG_WARN_NON_LITERAL_NULL_CONVERSION = YES;
				CLANG_WARN_OBJC_IMPLICIT_RETAIN_SELF = YES;
				CLANG_WARN_OBJC_LITERAL_CONVERSION = YES;
				CLANG_WARN_OBJC_ROOT_CLASS = YES_ERROR;
				CLANG_WARN_RANGE_LOOP_ANALYSIS = YES;
				CLANG_WARN_STRICT_PROTOTYPES = YES;
				CLANG_WARN_SUSPICIOUS_MOVE = YES;
				CLANG_WARN_UNGUARDED_AVAILABILITY = YES_AGGRESSIVE;
				CLANG_WARN_UNREACHABLE_CODE = YES;
				CLANG_WARN__DUPLICATE_METHOD_MATCH = YES;
				CODE_SIGN_IDENTITY = "iPhone Developer";
				COPY_PHASE_STRIP = NO;
				DEBUG_INFORMATION_FORMAT = dwarf;
				ENABLE_STRICT_OBJC_MSGSEND = YES;
				ENABLE_TESTABILITY = YES;
				GCC_C_LANGUAGE_STANDARD = gnu11;
				GCC_DYNAMIC_NO_PIC = NO;
				GCC_NO_COMMON_BLOCKS = YES;
				GCC_OPTIMIZATION_LEVEL = 0;
				GCC_PREPROCESSOR_DEFINITIONS = (
					"DEBUG=1",
					"$(inherited)",
				);
				GCC_WARN_64_TO_32_BIT_CONVERSION = YES;
				GCC_WARN_ABOUT_RETURN_TYPE = YES_ERROR;
				GCC_WARN_UNDECLARED_SELECTOR = YES;
				GCC_WARN_UNINITIALIZED_AUTOS = YES_AGGRESSIVE;
				GCC_WARN_UNUSED_FUNCTION = YES;
				GCC_WARN_UNUSED_VARIABLE = YES;
				IPHONEOS_DEPLOYMENT_TARGET = 12.0;
				MTL_ENABLE_DEBUG_INFO = INCLUDE_SOURCE;
				MTL_FAST_MATH = YES;
				ONLY_ACTIVE_ARCH = YES;
				SDKROOT = iphoneos;
				SWIFT_ACTIVE_COMPILATION_CONDITIONS = DEBUG;
				SWIFT_OPTIMIZATION_LEVEL = "-Onone";
			};
			name = Debug;
		};
		3014A6D7211096A0009B4BE4 /* Release */ = {
			isa = XCBuildConfiguration;
			buildSettings = {
				ALWAYS_SEARCH_USER_PATHS = NO;
				CLANG_ANALYZER_NONNULL = YES;
				CLANG_ANALYZER_NUMBER_OBJECT_CONVERSION = YES_AGGRESSIVE;
				CLANG_CXX_LANGUAGE_STANDARD = "gnu++14";
				CLANG_CXX_LIBRARY = "libc++";
				CLANG_ENABLE_MODULES = YES;
				CLANG_ENABLE_OBJC_ARC = YES;
				CLANG_ENABLE_OBJC_WEAK = YES;
				CLANG_WARN_BLOCK_CAPTURE_AUTORELEASING = YES;
				CLANG_WARN_BOOL_CONVERSION = YES;
				CLANG_WARN_COMMA = YES;
				CLANG_WARN_CONSTANT_CONVERSION = YES;
				CLANG_WARN_DEPRECATED_OBJC_IMPLEMENTATIONS = YES;
				CLANG_WARN_DIRECT_OBJC_ISA_USAGE = YES_ERROR;
				CLANG_WARN_DOCUMENTATION_COMMENTS = YES;
				CLANG_WARN_EMPTY_BODY = YES;
				CLANG_WARN_ENUM_CONVERSION = YES;
				CLANG_WARN_INFINITE_RECURSION = YES;
				CLANG_WARN_INT_CONVERSION = YES;
				CLANG_WARN_NON_LITERAL_NULL_CONVERSION = YES;
				CLANG_WARN_OBJC_IMPLICIT_RETAIN_SELF = YES;
				CLANG_WARN_OBJC_LITERAL_CONVERSION = YES;
				CLANG_WARN_OBJC_ROOT_CLASS = YES_ERROR;
				CLANG_WARN_RANGE_LOOP_ANALYSIS = YES;
				CLANG_WARN_STRICT_PROTOTYPES = YES;
				CLANG_WARN_SUSPICIOUS_MOVE = YES;
				CLANG_WARN_UNGUARDED_AVAILABILITY = YES_AGGRESSIVE;
				CLANG_WARN_UNREACHABLE_CODE = YES;
				CLANG_WARN__DUPLICATE_METHOD_MATCH = YES;
				CODE_SIGN_IDENTITY = "iPhone Developer";
				COPY_PHASE_STRIP = NO;
				DEBUG_INFORMATION_FORMAT = "dwarf-with-dsym";
				ENABLE_NS_ASSERTIONS = NO;
				ENABLE_STRICT_OBJC_MSGSEND = YES;
				GCC_C_LANGUAGE_STANDARD = gnu11;
				GCC_NO_COMMON_BLOCKS = YES;
				GCC_WARN_64_TO_32_BIT_CONVERSION = YES;
				GCC_WARN_ABOUT_RETURN_TYPE = YES_ERROR;
				GCC_WARN_UNDECLARED_SELECTOR = YES;
				GCC_WARN_UNINITIALIZED_AUTOS = YES_AGGRESSIVE;
				GCC_WARN_UNUSED_FUNCTION = YES;
				GCC_WARN_UNUSED_VARIABLE = YES;
				IPHONEOS_DEPLOYMENT_TARGET = 12.0;
				MTL_ENABLE_DEBUG_INFO = NO;
				MTL_FAST_MATH = YES;
				SDKROOT = iphoneos;
				SWIFT_COMPILATION_MODE = wholemodule;
				SWIFT_OPTIMIZATION_LEVEL = "-O";
				VALIDATE_PRODUCT = YES;
			};
			name = Release;
		};
		3014A6D9211096A0009B4BE4 /* Debug */ = {
			isa = XCBuildConfiguration;
			buildSettings = {
				ASSETCATALOG_COMPILER_APPICON_NAME = AppIcon;
				CODE_SIGN_STYLE = Automatic;
				DEVELOPMENT_TEAM = P59GF3JPX6;
				INFOPLIST_FILE = CoreMLApp/Info.plist;
				LD_RUNPATH_SEARCH_PATHS = (
					"$(inherited)",
					"@executable_path/Frameworks",
				);
				PRODUCT_BUNDLE_IDENTIFIER = Roman.CoreMLApp;
				PRODUCT_NAME = "$(TARGET_NAME)";
				SWIFT_VERSION = 4.2;
				TARGETED_DEVICE_FAMILY = "1,2";
			};
			name = Debug;
		};
		3014A6DA211096A0009B4BE4 /* Release */ = {
			isa = XCBuildConfiguration;
			buildSettings = {
				ASSETCATALOG_COMPILER_APPICON_NAME = AppIcon;
				CODE_SIGN_STYLE = Automatic;
				DEVELOPMENT_TEAM = P59GF3JPX6;
				INFOPLIST_FILE = CoreMLApp/Info.plist;
				LD_RUNPATH_SEARCH_PATHS = (
					"$(inherited)",
					"@executable_path/Frameworks",
				);
				PRODUCT_BUNDLE_IDENTIFIER = Roman.CoreMLApp;
				PRODUCT_NAME = "$(TARGET_NAME)";
				SWIFT_VERSION = 4.2;
				TARGETED_DEVICE_FAMILY = "1,2";
			};
			name = Release;
		};
/* End XCBuildConfiguration section */

/* Begin XCConfigurationList section */
		3014A6C12110969F009B4BE4 /* Build configuration list for PBXProject "CoreMLApp" */ = {
			isa = XCConfigurationList;
			buildConfigurations = (
				3014A6D6211096A0009B4BE4 /* Debug */,
				3014A6D7211096A0009B4BE4 /* Release */,
			);
			defaultConfigurationIsVisible = 0;
			defaultConfigurationName = Release;
		};
		3014A6D8211096A0009B4BE4 /* Build configuration list for PBXNativeTarget "CoreMLApp" */ = {
			isa = XCConfigurationList;
			buildConfigurations = (
				3014A6D9211096A0009B4BE4 /* Debug */,
				3014A6DA211096A0009B4BE4 /* Release */,
			);
			defaultConfigurationIsVisible = 0;
			defaultConfigurationName = Release;
		};
/* End XCConfigurationList section */
	};
	rootObject = 3014A6BE2110969F009B4BE4 /* Project object */;
}
